
Microsoft Visual Studio Solution File, Format Version 12.00
# Visual Studio Version 16
VisualStudioVersion = 16.0.30717.126
MinimumVisualStudioVersion = 10.0.40219.1
Project("{9A19103F-16F7-4668-BE54-9A1E7A4F7556}") = "TestAsync", "TestAsync\TestAsync.csproj", "{8E60D887-5BE9-42D4-9138-B280CD1D46C3}"
EndProject
Project("{FAE04EC0-301F-11D3-BF4B-00C04F79EFBC}") = "TestCancel", "TestCancel\TestCancel.csproj", "{212E789D-A0FE-4062-A7D0-2A7E2C14A5F9}"
EndProject
Project("{9A19103F-16F7-4668-BE54-9A1E7A4F7556}") = "BarrierManager", "BarrierManager\BarrierManager.csproj", "{5BBBFB84-89E6-4EFE-AE18-91F273E57978}"
EndProject
Project("{FAE04EC0-301F-11D3-BF4B-00C04F79EFBC}") = "LambdaAndMore", "LambdaAndMore\LambdaAndMore.csproj", "{F883CC67-8504-429A-8E5E-ADCEEDA85B49}"
EndProject
Global
	GlobalSection(SolutionConfigurationPlatforms) = preSolution
		Debug|Any CPU = Debug|Any CPU
		Release|Any CPU = Release|Any CPU
	EndGlobalSection
	GlobalSection(ProjectConfigurationPlatforms) = postSolution
		{8E60D887-5BE9-42D4-9138-B280CD1D46C3}.Debug|Any CPU.ActiveCfg = Debug|Any CPU
		{8E60D887-5BE9-42D4-9138-B280CD1D46C3}.Debug|Any CPU.Build.0 = Debug|Any CPU
		{8E60D887-5BE9-42D4-9138-B280CD1D46C3}.Release|Any CPU.ActiveCfg = Release|Any CPU
		{8E60D887-5BE9-42D4-9138-B280CD1D46C3}.Release|Any CPU.Build.0 = Release|Any CPU
		{212E789D-A0FE-4062-A7D0-2A7E2C14A5F9}.Debug|Any CPU.ActiveCfg = Debug|Any CPU
		{212E789D-A0FE-4062-A7D0-2A7E2C14A5F9}.Debug|Any CPU.Build.0 = Debug|Any CPU
		{212E789D-A0FE-4062-A7D0-2A7E2C14A5F9}.Release|Any CPU.ActiveCfg = Release|Any CPU
		{212E789D-A0FE-4062-A7D0-2A7E2C14A5F9}.Release|Any CPU.Build.0 = Release|Any CPU
		{5BBBFB84-89E6-4EFE-AE18-91F273E57978}.Debug|Any CPU.ActiveCfg = Debug|Any CPU
		{5BBBFB84-89E6-4EFE-AE18-91F273E57978}.Debug|Any CPU.Build.0 = Debug|Any CPU
		{5BBBFB84-89E6-4EFE-AE18-91F273E57978}.Release|Any CPU.ActiveCfg = Release|Any CPU
		{5BBBFB84-89E6-4EFE-AE18-91F273E57978}.Release|Any CPU.Build.0 = Release|Any CPU
		{F883CC67-8504-429A-8E5E-ADCEEDA85B49}.Debug|Any CPU.ActiveCfg = Debug|Any CPU
		{F883CC67-8504-429A-8E5E-ADCEEDA85B49}.Debug|Any CPU.Build.0 = Debug|Any CPU
		{F883CC67-8504-429A-8E5E-ADCEEDA85B49}.Release|Any CPU.ActiveCfg = Release|Any CPU
		{F883CC67-8504-429A-8E5E-ADCEEDA85B49}.Release|Any CPU.Build.0 = Release|Any CPU
	EndGlobalSection
	GlobalSection(SolutionProperties) = preSolution
		HideSolutionNode = FALSE
	EndGlobalSection
	GlobalSection(ExtensibilityGlobals) = postSolution
		SolutionGuid = {B2DCCBAD-9C65-4A76-B8B1-362220346422}
	EndGlobalSection
EndGlobal
